
Microsoft Visual Studio Solution File, Format Version 12.00
# Visual Studio Version 17
VisualStudioVersion = 17.0.31903.59
MinimumVisualStudioVersion = 10.0.40219.1
Project("{2150E333-8FDC-42A3-9474-1A3956D46DE8}") = "src", "src", "{33997DC9-84AA-47E3-BEB5-C418065DC503}"
EndProject
Project("{2150E333-8FDC-42A3-9474-1A3956D46DE8}") = "Solution Items", "Solution Items", "{42E32377-5505-45FD-81C2-5BAAE2058B79}"
	ProjectSection(SolutionItems) = preProject
		Directory.Build.props = Directory.Build.props
		Generate-ReleaseNotes.bat = Generate-ReleaseNotes.bat
		PackageReadme.md = PackageReadme.md
		README.md = README.md
		ReleaseNotes.md = ReleaseNotes.md
	EndProjectSection
EndProject
Project("{2150E333-8FDC-42A3-9474-1A3956D46DE8}") = "Actions", "Actions", "{35BBC692-47E8-4A12-8F8E-7D8C9ADA9F28}"
	ProjectSection(SolutionItems) = preProject
		.github\workflows\DeployToGitHubPages.yml = .github\workflows\DeployToGitHubPages.yml
	EndProjectSection
EndProject
Project("{2150E333-8FDC-42A3-9474-1A3956D46DE8}") = "examples", "examples", "{1D3B0899-8261-4023-B62E-F1A70CF0BBD8}"
EndProject
Project("{9A19103F-16F7-4668-BE54-9A1E7A4F7556}") = "Blazor.DownloadFileFast.Example_NET6", "Blazor.DownloadFileFast.Example_NET6\Blazor.DownloadFileFast.Example_NET6.csproj", "{3D543FA1-0B0C-4654-BA58-874444142C11}"
EndProject
Project("{9A19103F-16F7-4668-BE54-9A1E7A4F7556}") = "Blazor.DownloadFileFast.Example_NET5", "Blazor.DownloadFileFast.Example_NET5\Blazor.DownloadFileFast.Example_NET5.csproj", "{94160CBF-C56B-4D1E-A597-430D9C029DCE}"
EndProject
Project("{9A19103F-16F7-4668-BE54-9A1E7A4F7556}") = "Blazor.DownloadFileFast", "Blazor.DownloadFileFast\Blazor.DownloadFileFast.csproj", "{B6269AAC-170A-4346-1234-579DED3D9A95}"
EndProject
Global
	GlobalSection(SolutionConfigurationPlatforms) = preSolution
		Debug|Any CPU = Debug|Any CPU
		Release|Any CPU = Release|Any CPU
	EndGlobalSection
	GlobalSection(ProjectConfigurationPlatforms) = postSolution
		{3D543FA1-0B0C-4654-BA58-874444142C11}.Debug|Any CPU.ActiveCfg = Debug|Any CPU
		{3D543FA1-0B0C-4654-BA58-874444142C11}.Debug|Any CPU.Build.0 = Debug|Any CPU
		{3D543FA1-0B0C-4654-BA58-874444142C11}.Release|Any CPU.ActiveCfg = Release|Any CPU
		{3D543FA1-0B0C-4654-BA58-874444142C11}.Release|Any CPU.Build.0 = Release|Any CPU
		{94160CBF-C56B-4D1E-A597-430D9C029DCE}.Debug|Any CPU.ActiveCfg = Debug|Any CPU
		{94160CBF-C56B-4D1E-A597-430D9C029DCE}.Debug|Any CPU.Build.0 = Debug|Any CPU
		{94160CBF-C56B-4D1E-A597-430D9C029DCE}.Release|Any CPU.ActiveCfg = Release|Any CPU
		{94160CBF-C56B-4D1E-A597-430D9C029DCE}.Release|Any CPU.Build.0 = Release|Any CPU
		{B6269AAC-170A-4346-1234-579DED3D9A95}.Debug|Any CPU.ActiveCfg = Debug|Any CPU
		{B6269AAC-170A-4346-1234-579DED3D9A95}.Debug|Any CPU.Build.0 = Debug|Any CPU
		{B6269AAC-170A-4346-1234-579DED3D9A95}.Release|Any CPU.ActiveCfg = Release|Any CPU
		{B6269AAC-170A-4346-1234-579DED3D9A95}.Release|Any CPU.Build.0 = Release|Any CPU
	EndGlobalSection
	GlobalSection(SolutionProperties) = preSolution
		HideSolutionNode = FALSE
	EndGlobalSection
	GlobalSection(NestedProjects) = preSolution
		{35BBC692-47E8-4A12-8F8E-7D8C9ADA9F28} = {42E32377-5505-45FD-81C2-5BAAE2058B79}
		{3D543FA1-0B0C-4654-BA58-874444142C11} = {1D3B0899-8261-4023-B62E-F1A70CF0BBD8}
		{94160CBF-C56B-4D1E-A597-430D9C029DCE} = {1D3B0899-8261-4023-B62E-F1A70CF0BBD8}
		{B6269AAC-170A-4346-1234-579DED3D9A95} = {33997DC9-84AA-47E3-BEB5-C418065DC503}
	EndGlobalSection
	GlobalSection(ExtensibilityGlobals) = postSolution
		SolutionGuid = {95736335-0C8B-4FDA-8722-E08046339B83}
	EndGlobalSection
EndGlobal
