
Microsoft Visual Studio Solution File, Format Version 12.00
# Visual Studio Version 17
VisualStudioVersion = 17.0.31903.59
MinimumVisualStudioVersion = 10.0.40219.1
Project("{2150E333-8FDC-42A3-9474-1A3956D46DE8}") = "src", "src", "{33997DC9-84AA-47E3-BEB5-C418065DC503}"
EndProject
Project("{2150E333-8FDC-42A3-9474-1A3956D46DE8}") = "Solution Items", "Solution Items", "{42E32377-5505-45FD-81C2-5BAAE2058B79}"
	ProjectSection(SolutionItems) = preProject
		Directory.Build.props = Directory.Build.props
		Generate-ReleaseNotes.bat = Generate-ReleaseNotes.bat
		PackageReadme.md = PackageReadme.md
		README.md = README.md
		ReleaseNotes.md = ReleaseNotes.md
	EndProjectSection
EndProject
Project("{2150E333-8FDC-42A3-9474-1A3956D46DE8}") = "examples", "examples", "{1D3B0899-8261-4023-B62E-F1A70CF0BBD8}"
EndProject
Project("{9A19103F-16F7-4668-BE54-9A1E7A4F7556}") = "Blazor.DownloadFileFast", "Blazor.DownloadFileFast\Blazor.DownloadFileFast.csproj", "{B6269AAC-170A-4346-1234-579DED3D9A95}"
EndProject
Project("{FAE04EC0-301F-11D3-BF4B-00C04F79EFBC}") = "BlazorServer.DownloadFileFast.Example_NET7", "Examples\BlazorServer.DownloadFileFast.Example_NET7\BlazorServer.DownloadFileFast.Example_NET7.csproj", "{CFD3E53E-4CDE-495B-AE44-BD1FD7B0B4C4}"
EndProject
Project("{FAE04EC0-301F-11D3-BF4B-00C04F79EFBC}") = "BlazorWebApp.DownloadFileFast.Example_NET8", "Examples\BlazorWebApp.DownloadFileFast.Example_NET8\BlazorWebApp.DownloadFileFast.Example_NET8.csproj", "{7C8D8F7D-DFB3-4905-A4FF-B0FB1FFEA346}"
EndProject
Project("{FAE04EC0-301F-11D3-BF4B-00C04F79EFBC}") = "Blazor.DownloadFileFast.Example_NET5", "Examples\Blazor.DownloadFileFast.Example_NET5\Blazor.DownloadFileFast.Example_NET5.csproj", "{8AFD09E6-36FC-0D54-D0C1-CF0E4E10567A}"
EndProject
Project("{FAE04EC0-301F-11D3-BF4B-00C04F79EFBC}") = "Blazor.DownloadFileFast.Example_NET6", "Examples\Blazor.DownloadFileFast.Example_NET6\Blazor.DownloadFileFast.Example_NET6.csproj", "{67D9CB66-062D-7E96-E693-EFA4F2A30B08}"
EndProject
Project("{FAE04EC0-301F-11D3-BF4B-00C04F79EFBC}") = "Blazor.DownloadFileFast.Example_NET7", "Examples\Blazor.DownloadFileFast.Example_NET7\Blazor.DownloadFileFast.Example_NET7.csproj", "{5D0E02E3-4BD9-F76C-918C-3D587C02DA96}"
EndProject
Project("{FAE04EC0-301F-11D3-BF4B-00C04F79EFBC}") = "Blazor.DownloadFileFast.Example_NET8", "Examples\Blazor.DownloadFileFast.Example_NET8\Blazor.DownloadFileFast.Example_NET8.csproj", "{5C24A50F-F7E9-85D5-23E3-65B2A39DE0E7}"
EndProject
Project("{FAE04EC0-301F-11D3-BF4B-00C04F79EFBC}") = "Blazor.DownloadFileFast.Example_NET9", "Examples\Blazor.DownloadFileFast.Example_NET9\Blazor.DownloadFileFast.Example_NET9.csproj", "{FCC3D4A3-0A8D-507B-BBEE-5075B6B51E4E}"
EndProject
Global
	GlobalSection(SolutionConfigurationPlatforms) = preSolution
		Debug|Any CPU = Debug|Any CPU
		Release|Any CPU = Release|Any CPU
	EndGlobalSection
	GlobalSection(ProjectConfigurationPlatforms) = postSolution
		{B6269AAC-170A-4346-1234-579DED3D9A95}.Debug|Any CPU.ActiveCfg = Debug|Any CPU
		{B6269AAC-170A-4346-1234-579DED3D9A95}.Debug|Any CPU.Build.0 = Debug|Any CPU
		{B6269AAC-170A-4346-1234-579DED3D9A95}.Release|Any CPU.ActiveCfg = Release|Any CPU
		{B6269AAC-170A-4346-1234-579DED3D9A95}.Release|Any CPU.Build.0 = Release|Any CPU
		{CFD3E53E-4CDE-495B-AE44-BD1FD7B0B4C4}.Debug|Any CPU.ActiveCfg = Debug|Any CPU
		{CFD3E53E-4CDE-495B-AE44-BD1FD7B0B4C4}.Debug|Any CPU.Build.0 = Debug|Any CPU
		{CFD3E53E-4CDE-495B-AE44-BD1FD7B0B4C4}.Release|Any CPU.ActiveCfg = Release|Any CPU
		{CFD3E53E-4CDE-495B-AE44-BD1FD7B0B4C4}.Release|Any CPU.Build.0 = Release|Any CPU
		{7C8D8F7D-DFB3-4905-A4FF-B0FB1FFEA346}.Debug|Any CPU.ActiveCfg = Debug|Any CPU
		{7C8D8F7D-DFB3-4905-A4FF-B0FB1FFEA346}.Debug|Any CPU.Build.0 = Debug|Any CPU
		{7C8D8F7D-DFB3-4905-A4FF-B0FB1FFEA346}.Release|Any CPU.ActiveCfg = Release|Any CPU
		{7C8D8F7D-DFB3-4905-A4FF-B0FB1FFEA346}.Release|Any CPU.Build.0 = Release|Any CPU
		{8AFD09E6-36FC-0D54-D0C1-CF0E4E10567A}.Debug|Any CPU.ActiveCfg = Debug|Any CPU
		{8AFD09E6-36FC-0D54-D0C1-CF0E4E10567A}.Debug|Any CPU.Build.0 = Debug|Any CPU
		{8AFD09E6-36FC-0D54-D0C1-CF0E4E10567A}.Release|Any CPU.ActiveCfg = Release|Any CPU
		{8AFD09E6-36FC-0D54-D0C1-CF0E4E10567A}.Release|Any CPU.Build.0 = Release|Any CPU
		{67D9CB66-062D-7E96-E693-EFA4F2A30B08}.Debug|Any CPU.ActiveCfg = Debug|Any CPU
		{67D9CB66-062D-7E96-E693-EFA4F2A30B08}.Debug|Any CPU.Build.0 = Debug|Any CPU
		{67D9CB66-062D-7E96-E693-EFA4F2A30B08}.Release|Any CPU.ActiveCfg = Release|Any CPU
		{67D9CB66-062D-7E96-E693-EFA4F2A30B08}.Release|Any CPU.Build.0 = Release|Any CPU
		{5D0E02E3-4BD9-F76C-918C-3D587C02DA96}.Debug|Any CPU.ActiveCfg = Debug|Any CPU
		{5D0E02E3-4BD9-F76C-918C-3D587C02DA96}.Debug|Any CPU.Build.0 = Debug|Any CPU
		{5D0E02E3-4BD9-F76C-918C-3D587C02DA96}.Release|Any CPU.ActiveCfg = Release|Any CPU
		{5D0E02E3-4BD9-F76C-918C-3D587C02DA96}.Release|Any CPU.Build.0 = Release|Any CPU
		{5C24A50F-F7E9-85D5-23E3-65B2A39DE0E7}.Debug|Any CPU.ActiveCfg = Debug|Any CPU
		{5C24A50F-F7E9-85D5-23E3-65B2A39DE0E7}.Debug|Any CPU.Build.0 = Debug|Any CPU
		{5C24A50F-F7E9-85D5-23E3-65B2A39DE0E7}.Release|Any CPU.ActiveCfg = Release|Any CPU
		{5C24A50F-F7E9-85D5-23E3-65B2A39DE0E7}.Release|Any CPU.Build.0 = Release|Any CPU
		{FCC3D4A3-0A8D-507B-BBEE-5075B6B51E4E}.Debug|Any CPU.ActiveCfg = Debug|Any CPU
		{FCC3D4A3-0A8D-507B-BBEE-5075B6B51E4E}.Debug|Any CPU.Build.0 = Debug|Any CPU
		{FCC3D4A3-0A8D-507B-BBEE-5075B6B51E4E}.Release|Any CPU.ActiveCfg = Release|Any CPU
		{FCC3D4A3-0A8D-507B-BBEE-5075B6B51E4E}.Release|Any CPU.Build.0 = Release|Any CPU
	EndGlobalSection
	GlobalSection(SolutionProperties) = preSolution
		HideSolutionNode = FALSE
	EndGlobalSection
	GlobalSection(NestedProjects) = preSolution
		{B6269AAC-170A-4346-1234-579DED3D9A95} = {33997DC9-84AA-47E3-BEB5-C418065DC503}
		{CFD3E53E-4CDE-495B-AE44-BD1FD7B0B4C4} = {1D3B0899-8261-4023-B62E-F1A70CF0BBD8}
		{7C8D8F7D-DFB3-4905-A4FF-B0FB1FFEA346} = {1D3B0899-8261-4023-B62E-F1A70CF0BBD8}
		{8AFD09E6-36FC-0D54-D0C1-CF0E4E10567A} = {1D3B0899-8261-4023-B62E-F1A70CF0BBD8}
		{67D9CB66-062D-7E96-E693-EFA4F2A30B08} = {1D3B0899-8261-4023-B62E-F1A70CF0BBD8}
		{5D0E02E3-4BD9-F76C-918C-3D587C02DA96} = {1D3B0899-8261-4023-B62E-F1A70CF0BBD8}
		{5C24A50F-F7E9-85D5-23E3-65B2A39DE0E7} = {1D3B0899-8261-4023-B62E-F1A70CF0BBD8}
		{FCC3D4A3-0A8D-507B-BBEE-5075B6B51E4E} = {1D3B0899-8261-4023-B62E-F1A70CF0BBD8}
	EndGlobalSection
	GlobalSection(ExtensibilityGlobals) = postSolution
		SolutionGuid = {95736335-0C8B-4FDA-8722-E08046339B83}
	EndGlobalSection
EndGlobal
